// !$*UTF8*$!
{
	archiveVersion = 1;
	classes = {
	};
	objectVersion = 56;
	objects = {

/* Begin PBXBuildFile section */
		46AF1EB02B1E0078000C886A /* AppDelegate.swift in Sources */ = {isa = PBXBuildFile; fileRef = 46AF1EAF2B1E0078000C886A /* AppDelegate.swift */; };
		46AF1EB22B1E0078000C886A /* SceneDelegate.swift in Sources */ = {isa = PBXBuildFile; fileRef = 46AF1EB12B1E0078000C886A /* SceneDelegate.swift */; };
		46AF1EB42B1E0078000C886A /* HomeViewController.swift in Sources */ = {isa = PBXBuildFile; fileRef = 46AF1EB32B1E0078000C886A /* HomeViewController.swift */; };
		46AF1EB72B1E0078000C886A /* Main.storyboard in Resources */ = {isa = PBXBuildFile; fileRef = 46AF1EB52B1E0078000C886A /* Main.storyboard */; };
		46AF1EB92B1E007B000C886A /* Assets.xcassets in Resources */ = {isa = PBXBuildFile; fileRef = 46AF1EB82B1E007B000C886A /* Assets.xcassets */; };
		46AF1EBC2B1E007B000C886A /* LaunchScreen.storyboard in Resources */ = {isa = PBXBuildFile; fileRef = 46AF1EBA2B1E007B000C886A /* LaunchScreen.storyboard */; };
		46AF1EC42B1E4216000C886A /* NameViewController.swift in Sources */ = {isa = PBXBuildFile; fileRef = 46AF1EC32B1E4216000C886A /* NameViewController.swift */; };
		46AF1EC62B1E424E000C886A /* PhoneViewController.swift in Sources */ = {isa = PBXBuildFile; fileRef = 46AF1EC52B1E424E000C886A /* PhoneViewController.swift */; };
		46AF1EC82B1E425E000C886A /* EmailViewController.swift in Sources */ = {isa = PBXBuildFile; fileRef = 46AF1EC72B1E425E000C886A /* EmailViewController.swift */; };
		46AF1ECA2B1E426E000C886A /* IntroViewController.swift in Sources */ = {isa = PBXBuildFile; fileRef = 46AF1EC92B1E426E000C886A /* IntroViewController.swift */; };
/* End PBXBuildFile section */

/* Begin PBXFileReference section */
		46AF1EAC2B1E0078000C886A /* Profile App.app */ = {isa = PBXFileReference; explicitFileType = wrapper.application; includeInIndex = 0; path = "Profile App.app"; sourceTree = BUILT_PRODUCTS_DIR; };
		46AF1EAF2B1E0078000C886A /* AppDelegate.swift */ = {isa = PBXFileReference; lastKnownFileType = sourcecode.swift; path = AppDelegate.swift; sourceTree = "<group>"; };
		46AF1EB12B1E0078000C886A /* SceneDelegate.swift */ = {isa = PBXFileReference; lastKnownFileType = sourcecode.swift; path = SceneDelegate.swift; sourceTree = "<group>"; };
		46AF1EB32B1E0078000C886A /* HomeViewController.swift */ = {isa = PBXFileReference; lastKnownFileType = sourcecode.swift; path = HomeViewController.swift; sourceTree = "<group>"; };
		46AF1EB62B1E0078000C886A /* Base */ = {isa = PBXFileReference; lastKnownFileType = file.storyboard; name = Base; path = Base.lproj/Main.storyboard; sourceTree = "<group>"; };
		46AF1EB82B1E007B000C886A /* Assets.xcassets */ = {isa = PBXFileReference; lastKnownFileType = folder.assetcatalog; path = Assets.xcassets; sourceTree = "<group>"; };
		46AF1EBB2B1E007B000C886A /* Base */ = {isa = PBXFileReference; lastKnownFileType = file.storyboard; name = Base; path = Base.lproj/LaunchScreen.storyboard; sourceTree = "<group>"; };
		46AF1EBD2B1E007B000C886A /* Info.plist */ = {isa = PBXFileReference; lastKnownFileType = text.plist.xml; path = Info.plist; sourceTree = "<group>"; };
		46AF1EC32B1E4216000C886A /* NameViewController.swift */ = {isa = PBXFileReference; lastKnownFileType = sourcecode.swift; path = NameViewController.swift; sourceTree = "<group>"; };
		46AF1EC52B1E424E000C886A /* PhoneViewController.swift */ = {isa = PBXFileReference; lastKnownFileType = sourcecode.swift; path = PhoneViewController.swift; sourceTree = "<group>"; };
		46AF1EC72B1E425E000C886A /* EmailViewController.swift */ = {isa = PBXFileReference; lastKnownFileType = sourcecode.swift; path = EmailViewController.swift; sourceTree = "<group>"; };
		46AF1EC92B1E426E000C886A /* IntroViewController.swift */ = {isa = PBXFileReference; lastKnownFileType = sourcecode.swift; path = IntroViewController.swift; sourceTree = "<group>"; };
/* End PBXFileReference section */

/* Begin PBXFrameworksBuildPhase section */
		46AF1EA92B1E0078000C886A /* Frameworks */ = {
			isa = PBXFrameworksBuildPhase;
			buildActionMask = 2147483647;
			files = (
			);
			runOnlyForDeploymentPostprocessing = 0;
		};
/* End PBXFrameworksBuildPhase section */

/* Begin PBXGroup section */
		46AF1EA32B1E0078000C886A = {
			isa = PBXGroup;
			children = (
				46AF1EAE2B1E0078000C886A /* Profile App */,
				46AF1EAD2B1E0078000C886A /* Products */,
			);
			sourceTree = "<group>";
		};
		46AF1EAD2B1E0078000C886A /* Products */ = {
			isa = PBXGroup;
			children = (
				46AF1EAC2B1E0078000C886A /* Profile App.app */,
			);
			name = Products;
			sourceTree = "<group>";
		};
		46AF1EAE2B1E0078000C886A /* Profile App */ = {
			isa = PBXGroup;
			children = (
				46AF1EAF2B1E0078000C886A /* AppDelegate.swift */,
				46AF1EB12B1E0078000C886A /* SceneDelegate.swift */,
				46AF1EB32B1E0078000C886A /* HomeViewController.swift */,
				46AF1EC32B1E4216000C886A /* NameViewController.swift */,
				46AF1EC52B1E424E000C886A /* PhoneViewController.swift */,
				46AF1EC72B1E425E000C886A /* EmailViewController.swift */,
				46AF1EC92B1E426E000C886A /* IntroViewController.swift */,
				46AF1EB52B1E0078000C886A /* Main.storyboard */,
				46AF1EB82B1E007B000C886A /* Assets.xcassets */,
				46AF1EBA2B1E007B000C886A /* LaunchScreen.storyboard */,
				46AF1EBD2B1E007B000C886A /* Info.plist */,
			);
			path = "Profile App";
			sourceTree = "<group>";
		};
/* End PBXGroup section */

/* Begin PBXNativeTarget section */
		46AF1EAB2B1E0078000C886A /* Profile App */ = {
			isa = PBXNativeTarget;
			buildConfigurationList = 46AF1EC02B1E007B000C886A /* Build configuration list for PBXNativeTarget "Profile App" */;
			buildPhases = (
				46AF1EA82B1E0078000C886A /* Sources */,
				46AF1EA92B1E0078000C886A /* Frameworks */,
				46AF1EAA2B1E0078000C886A /* Resources */,
			);
			buildRules = (
			);
			dependencies = (
			);
			name = "Profile App";
			productName = "Profile App";
			productReference = 46AF1EAC2B1E0078000C886A /* Profile App.app */;
			productType = "com.apple.product-type.application";
		};
/* End PBXNativeTarget section */

/* Begin PBXProject section */
		46AF1EA42B1E0078000C886A /* Project object */ = {
			isa = PBXProject;
			attributes = {
				BuildIndependentTargetsInParallel = 1;
				LastSwiftUpdateCheck = 1500;
				LastUpgradeCheck = 1500;
				TargetAttributes = {
					46AF1EAB2B1E0078000C886A = {
						CreatedOnToolsVersion = 15.0.1;
					};
				};
			};
			buildConfigurationList = 46AF1EA72B1E0078000C886A /* Build configuration list for PBXProject "Profile App" */;
			compatibilityVersion = "Xcode 14.0";
			developmentRegion = en;
			hasScannedForEncodings = 0;
			knownRegions = (
				en,
				Base,
			);
			mainGroup = 46AF1EA32B1E0078000C886A;
			productRefGroup = 46AF1EAD2B1E0078000C886A /* Products */;
			projectDirPath = "";
			projectRoot = "";
			targets = (
				46AF1EAB2B1E0078000C886A /* Profile App */,
			);
		};
/* End PBXProject section */

/* Begin PBXResourcesBuildPhase section */
		46AF1EAA2B1E0078000C886A /* Resources */ = {
			isa = PBXResourcesBuildPhase;
			buildActionMask = 2147483647;
			files = (
				46AF1EBC2B1E007B000C886A /* LaunchScreen.storyboard in Resources */,
				46AF1EB92B1E007B000C886A /* Assets.xcassets in Resources */,
				46AF1EB72B1E0078000C886A /* Main.storyboard in Resources */,
			);
			runOnlyForDeploymentPostprocessing = 0;
		};
/* End PBXResourcesBuildPhase section */

/* Begin PBXSourcesBuildPhase section */
		46AF1EA82B1E0078000C886A /* Sources */ = {
			isa = PBXSourcesBuildPhase;
			buildActionMask = 2147483647;
			files = (
				46AF1EB42B1E0078000C886A /* HomeViewController.swift in Sources */,
				46AF1EC82B1E425E000C886A /* EmailViewController.swift in Sources */,
				46AF1ECA2B1E426E000C886A /* IntroViewController.swift in Sources */,
				46AF1EC62B1E424E000C886A /* PhoneViewController.swift in Sources */,
				46AF1EB02B1E0078000C886A /* AppDelegate.swift in Sources */,
				46AF1EB22B1E0078000C886A /* SceneDelegate.swift in Sources */,
				46AF1EC42B1E4216000C886A /* NameViewController.swift in Sources */,
			);
			runOnlyForDeploymentPostprocessing = 0;
		};
/* End PBXSourcesBuildPhase section */

/* Begin PBXVariantGroup section */
		46AF1EB52B1E0078000C886A /* Main.storyboard */ = {
			isa = PBXVariantGroup;
			children = (
				46AF1EB62B1E0078000C886A /* Base */,
			);
			name = Main.storyboard;
			sourceTree = "<group>";
		};
		46AF1EBA2B1E007B000C886A /* LaunchScreen.storyboard */ = {
			isa = PBXVariantGroup;
			children = (
				46AF1EBB2B1E007B000C886A /* Base */,
			);
			name = LaunchScreen.storyboard;
			sourceTree = "<group>";
		};
/* End PBXVariantGroup section */

/* Begin XCBuildConfiguration section */
		46AF1EBE2B1E007B000C886A /* Debug */ = {
			isa = XCBuildConfiguration;
			buildSettings = {
				ALWAYS_SEARCH_USER_PATHS = NO;
				ASSETCATALOG_COMPILER_GENERATE_SWIFT_ASSET_SYMBOL_EXTENSIONS = YES;
				CLANG_ANALYZER_NONNULL = YES;
				CLANG_ANALYZER_NUMBER_OBJECT_CONVERSION = YES_AGGRESSIVE;
				CLANG_CXX_LANGUAGE_STANDARD = "gnu++20";
				CLANG_ENABLE_MODULES = YES;
				CLANG_ENABLE_OBJC_ARC = YES;
				CLANG_ENABLE_OBJC_WEAK = YES;
				CLANG_WARN_BLOCK_CAPTURE_AUTORELEASING = YES;
				CLANG_WARN_BOOL_CONVERSION = YES;
				CLANG_WARN_COMMA = YES;
				CLANG_WARN_CONSTANT_CONVERSION = YES;
				CLANG_WARN_DEPRECATED_OBJC_IMPLEMENTATIONS = YES;
				CLANG_WARN_DIRECT_OBJC_ISA_USAGE = YES_ERROR;
				CLANG_WARN_DOCUMENTATION_COMMENTS = YES;
				CLANG_WARN_EMPTY_BODY = YES;
				CLANG_WARN_ENUM_CONVERSION = YES;
				CLANG_WARN_INFINITE_RECURSION = YES;
				CLANG_WARN_INT_CONVERSION = YES;
				CLANG_WARN_NON_LITERAL_NULL_CONVERSION = YES;
				CLANG_WARN_OBJC_IMPLICIT_RETAIN_SELF = YES;
				CLANG_WARN_OBJC_LITERAL_CONVERSION = YES;
				CLANG_WARN_OBJC_ROOT_CLASS = YES_ERROR;
				CLANG_WARN_QUOTED_INCLUDE_IN_FRAMEWORK_HEADER = YES;
				CLANG_WARN_RANGE_LOOP_ANALYSIS = YES;
				CLANG_WARN_STRICT_PROTOTYPES = YES;
				CLANG_WARN_SUSPICIOUS_MOVE = YES;
				CLANG_WARN_UNGUARDED_AVAILABILITY = YES_AGGRESSIVE;
				CLANG_WARN_UNREACHABLE_CODE = YES;
				CLANG_WARN__DUPLICATE_METHOD_MATCH = YES;
				COPY_PHASE_STRIP = NO;
				DEBUG_INFORMATION_FORMAT = dwarf;
				ENABLE_STRICT_OBJC_MSGSEND = YES;
				ENABLE_TESTABILITY = YES;
				ENABLE_USER_SCRIPT_SANDBOXING = YES;
				GCC_C_LANGUAGE_STANDARD = gnu17;
				GCC_DYNAMIC_NO_PIC = NO;
				GCC_NO_COMMON_BLOCKS = YES;
				GCC_OPTIMIZATION_LEVEL = 0;
				GCC_PREPROCESSOR_DEFINITIONS = (
					"DEBUG=1",
					"$(inherited)",
				);
				GCC_WARN_64_TO_32_BIT_CONVERSION = YES;
				GCC_WARN_ABOUT_RETURN_TYPE = YES_ERROR;
				GCC_WARN_UNDECLARED_SELECTOR = YES;
				GCC_WARN_UNINITIALIZED_AUTOS = YES_AGGRESSIVE;
				GCC_WARN_UNUSED_FUNCTION = YES;
				GCC_WARN_UNUSED_VARIABLE = YES;
				IPHONEOS_DEPLOYMENT_TARGET = 17.0;
				LOCALIZATION_PREFERS_STRING_CATALOGS = YES;
				MTL_ENABLE_DEBUG_INFO = INCLUDE_SOURCE;
				MTL_FAST_MATH = YES;
				ONLY_ACTIVE_ARCH = YES;
				SDKROOT = iphoneos;
				SWIFT_ACTIVE_COMPILATION_CONDITIONS = "DEBUG $(inherited)";
				SWIFT_OPTIMIZATION_LEVEL = "-Onone";
			};
			name = Debug;
		};
		46AF1EBF2B1E007B000C886A /* Release */ = {
			isa = XCBuildConfiguration;
			buildSettings = {
				ALWAYS_SEARCH_USER_PATHS = NO;
				ASSETCATALOG_COMPILER_GENERATE_SWIFT_ASSET_SYMBOL_EXTENSIONS = YES;
				CLANG_ANALYZER_NONNULL = YES;
				CLANG_ANALYZER_NUMBER_OBJECT_CONVERSION = YES_AGGRESSIVE;
				CLANG_CXX_LANGUAGE_STANDARD = "gnu++20";
				CLANG_ENABLE_MODULES = YES;
				CLANG_ENABLE_OBJC_ARC = YES;
				CLANG_ENABLE_OBJC_WEAK = YES;
				CLANG_WARN_BLOCK_CAPTURE_AUTORELEASING = YES;
				CLANG_WARN_BOOL_CONVERSION = YES;
				CLANG_WARN_COMMA = YES;
				CLANG_WARN_CONSTANT_CONVERSION = YES;
				CLANG_WARN_DEPRECATED_OBJC_IMPLEMENTATIONS = YES;
				CLANG_WARN_DIRECT_OBJC_ISA_USAGE = YES_ERROR;
				CLANG_WARN_DOCUMENTATION_COMMENTS = YES;
				CLANG_WARN_EMPTY_BODY = YES;
				CLANG_WARN_ENUM_CONVERSION = YES;
				CLANG_WARN_INFINITE_RECURSION = YES;
				CLANG_WARN_INT_CONVERSION = YES;
				CLANG_WARN_NON_LITERAL_NULL_CONVERSION = YES;
				CLANG_WARN_OBJC_IMPLICIT_RETAIN_SELF = YES;
				CLANG_WARN_OBJC_LITERAL_CONVERSION = YES;
				CLANG_WARN_OBJC_ROOT_CLASS = YES_ERROR;
				CLANG_WARN_QUOTED_INCLUDE_IN_FRAMEWORK_HEADER = YES;
				CLANG_WARN_RANGE_LOOP_ANALYSIS = YES;
				CLANG_WARN_STRICT_PROTOTYPES = YES;
				CLANG_WARN_SUSPICIOUS_MOVE = YES;
				CLANG_WARN_UNGUARDED_AVAILABILITY = YES_AGGRESSIVE;
				CLANG_WARN_UNREACHABLE_CODE = YES;
				CLANG_WARN__DUPLICATE_METHOD_MATCH = YES;
				COPY_PHASE_STRIP = NO;
				DEBUG_INFORMATION_FORMAT = "dwarf-with-dsym";
				ENABLE_NS_ASSERTIONS = NO;
				ENABLE_STRICT_OBJC_MSGSEND = YES;
				ENABLE_USER_SCRIPT_SANDBOXING = YES;
				GCC_C_LANGUAGE_STANDARD = gnu17;
				GCC_NO_COMMON_BLOCKS = YES;
				GCC_WARN_64_TO_32_BIT_CONVERSION = YES;
				GCC_WARN_ABOUT_RETURN_TYPE = YES_ERROR;
				GCC_WARN_UNDECLARED_SELECTOR = YES;
				GCC_WARN_UNINITIALIZED_AUTOS = YES_AGGRESSIVE;
				GCC_WARN_UNUSED_FUNCTION = YES;
				GCC_WARN_UNUSED_VARIABLE = YES;
				IPHONEOS_DEPLOYMENT_TARGET = 17.0;
				LOCALIZATION_PREFERS_STRING_CATALOGS = YES;
				MTL_ENABLE_DEBUG_INFO = NO;
				MTL_FAST_MATH = YES;
				SDKROOT = iphoneos;
				SWIFT_COMPILATION_MODE = wholemodule;
				VALIDATE_PRODUCT = YES;
			};
			name = Release;
		};
		46AF1EC12B1E007B000C886A /* Debug */ = {
			isa = XCBuildConfiguration;
			buildSettings = {
				ASSETCATALOG_COMPILER_APPICON_NAME = AppIcon;
				ASSETCATALOG_COMPILER_GLOBAL_ACCENT_COLOR_NAME = AccentColor;
				CODE_SIGN_STYLE = Automatic;
				CURRENT_PROJECT_VERSION = 1;
				GENERATE_INFOPLIST_FILE = YES;
				INFOPLIST_FILE = "Profile App/Info.plist";
				INFOPLIST_KEY_UIApplicationSupportsIndirectInputEvents = YES;
				INFOPLIST_KEY_UILaunchStoryboardName = LaunchScreen;
				INFOPLIST_KEY_UIMainStoryboardFile = Main;
				INFOPLIST_KEY_UISupportedInterfaceOrientations_iPad = "UIInterfaceOrientationPortrait UIInterfaceOrientationPortraitUpsideDown UIInterfaceOrientationLandscapeLeft UIInterfaceOrientationLandscapeRight";
				INFOPLIST_KEY_UISupportedInterfaceOrientations_iPhone = "UIInterfaceOrientationPortrait UIInterfaceOrientationLandscapeLeft UIInterfaceOrientationLandscapeRight";
				LD_RUNPATH_SEARCH_PATHS = (
					"$(inherited)",
					"@executable_path/Frameworks",
				);
				MARKETING_VERSION = 1.0;
				PRODUCT_BUNDLE_IDENTIFIER = "ApproachableGeek.Profile-App";
				PRODUCT_NAME = "$(TARGET_NAME)";
				SWIFT_EMIT_LOC_STRINGS = YES;
				SWIFT_VERSION = 5.0;
				TARGETED_DEVICE_FAMILY = "1,2";
			};
			name = Debug;
		};
		46AF1EC22B1E007B000C886A /* Release */ = {
			isa = XCBuildConfiguration;
			buildSettings = {
				ASSETCATALOG_COMPILER_APPICON_NAME = AppIcon;
				ASSETCATALOG_COMPILER_GLOBAL_ACCENT_COLOR_NAME = AccentColor;
				CODE_SIGN_STYLE = Automatic;
				CURRENT_PROJECT_VERSION = 1;
				GENERATE_INFOPLIST_FILE = YES;
				INFOPLIST_FILE = "Profile App/Info.plist";
				INFOPLIST_KEY_UIApplicationSupportsIndirectInputEvents = YES;
				INFOPLIST_KEY_UILaunchStoryboardName = LaunchScreen;
				INFOPLIST_KEY_UIMainStoryboardFile = Main;
				INFOPLIST_KEY_UISupportedInterfaceOrientations_iPad = "UIInterfaceOrientationPortrait UIInterfaceOrientationPortraitUpsideDown UIInterfaceOrientationLandscapeLeft UIInterfaceOrientationLandscapeRight";
				INFOPLIST_KEY_UISupportedInterfaceOrientations_iPhone = "UIInterfaceOrientationPortrait UIInterfaceOrientationLandscapeLeft UIInterfaceOrientationLandscapeRight";
				LD_RUNPATH_SEARCH_PATHS = (
					"$(inherited)",
					"@executable_path/Frameworks",
				);
				MARKETING_VERSION = 1.0;
				PRODUCT_BUNDLE_IDENTIFIER = "ApproachableGeek.Profile-App";
				PRODUCT_NAME = "$(TARGET_NAME)";
				SWIFT_EMIT_LOC_STRINGS = YES;
				SWIFT_VERSION = 5.0;
				TARGETED_DEVICE_FAMILY = "1,2";
			};
			name = Release;
		};
/* End XCBuildConfiguration section */

/* Begin XCConfigurationList section */
		46AF1EA72B1E0078000C886A /* Build configuration list for PBXProject "Profile App" */ = {
			isa = XCConfigurationList;
			buildConfigurations = (
				46AF1EBE2B1E007B000C886A /* Debug */,
				46AF1EBF2B1E007B000C886A /* Release */,
			);
			defaultConfigurationIsVisible = 0;
			defaultConfigurationName = Release;
		};
		46AF1EC02B1E007B000C886A /* Build configuration list for PBXNativeTarget "Profile App" */ = {
			isa = XCConfigurationList;
			buildConfigurations = (
				46AF1EC12B1E007B000C886A /* Debug */,
				46AF1EC22B1E007B000C886A /* Release */,
			);
			defaultConfigurationIsVisible = 0;
			defaultConfigurationName = Release;
		};
/* End XCConfigurationList section */
	};
	rootObject = 46AF1EA42B1E0078000C886A /* Project object */;
}
